// !$*UTF8*$!
{
	archiveVersion = 1;
	classes = {
	};
	objectVersion = 56;
	objects = {

/* Begin PBXBuildFile section */
		5E0674BC2A6C32F5007E2EA0 /* RMService.swift in Sources */ = {isa = PBXBuildFile; fileRef = 5E0674BB2A6C32F5007E2EA0 /* RMService.swift */; };
		5E0674BE2A6C331D007E2EA0 /* RMRequest.swift in Sources */ = {isa = PBXBuildFile; fileRef = 5E0674BD2A6C331D007E2EA0 /* RMRequest.swift */; };
		5E0674C02A6C5847007E2EA0 /* RMEndpoint.swift in Sources */ = {isa = PBXBuildFile; fileRef = 5E0674BF2A6C5847007E2EA0 /* RMEndpoint.swift */; };
		5E0674C22A6C68DB007E2EA0 /* RMOrigin.swift in Sources */ = {isa = PBXBuildFile; fileRef = 5E0674C12A6C68DB007E2EA0 /* RMOrigin.swift */; };
		5E0674C42A6C69E2007E2EA0 /* RMSingleLocation.swift in Sources */ = {isa = PBXBuildFile; fileRef = 5E0674C32A6C69E2007E2EA0 /* RMSingleLocation.swift */; };
		5E0674C62A6D7B80007E2EA0 /* RMCharacterStatus.swift in Sources */ = {isa = PBXBuildFile; fileRef = 5E0674C52A6D7B80007E2EA0 /* RMCharacterStatus.swift */; };
		5E0674C82A6D7ECF007E2EA0 /* RMCharacterGender.swift in Sources */ = {isa = PBXBuildFile; fileRef = 5E0674C72A6D7ECF007E2EA0 /* RMCharacterGender.swift */; };
		5EE205E92A6BE4DE0098A201 /* AppDelegate.swift in Sources */ = {isa = PBXBuildFile; fileRef = 5EE205E82A6BE4DE0098A201 /* AppDelegate.swift */; };
		5EE205EB2A6BE4DE0098A201 /* SceneDelegate.swift in Sources */ = {isa = PBXBuildFile; fileRef = 5EE205EA2A6BE4DE0098A201 /* SceneDelegate.swift */; };
		5EE205ED2A6BE4DE0098A201 /* RMTabBarController.swift in Sources */ = {isa = PBXBuildFile; fileRef = 5EE205EC2A6BE4DE0098A201 /* RMTabBarController.swift */; };
		5EE205F22A6BE4DF0098A201 /* Assets.xcassets in Resources */ = {isa = PBXBuildFile; fileRef = 5EE205F12A6BE4DF0098A201 /* Assets.xcassets */; };
		5EE205F52A6BE4DF0098A201 /* LaunchScreen.storyboard in Resources */ = {isa = PBXBuildFile; fileRef = 5EE205F32A6BE4DF0098A201 /* LaunchScreen.storyboard */; };
		5EE206052A6BF4010098A201 /* RMLocation.swift in Sources */ = {isa = PBXBuildFile; fileRef = 5EE206042A6BF4010098A201 /* RMLocation.swift */; };
		5EE206072A6BF4140098A201 /* RMCharacter.swift in Sources */ = {isa = PBXBuildFile; fileRef = 5EE206062A6BF4140098A201 /* RMCharacter.swift */; };
		5EE206092A6BF4340098A201 /* RMEpisode.swift in Sources */ = {isa = PBXBuildFile; fileRef = 5EE206082A6BF4340098A201 /* RMEpisode.swift */; };
		5EE2060C2A6BF5410098A201 /* RMCharacterViewController.swift in Sources */ = {isa = PBXBuildFile; fileRef = 5EE2060B2A6BF5410098A201 /* RMCharacterViewController.swift */; };
		5EE2060E2A6BF55D0098A201 /* RMLocationViewController.swift in Sources */ = {isa = PBXBuildFile; fileRef = 5EE2060D2A6BF55D0098A201 /* RMLocationViewController.swift */; };
		5EE206102A6BF5780098A201 /* RMEpisodeViewController.swift in Sources */ = {isa = PBXBuildFile; fileRef = 5EE2060F2A6BF5780098A201 /* RMEpisodeViewController.swift */; };
		5EE206122A6BF5960098A201 /* RMSettingsViewController.swift in Sources */ = {isa = PBXBuildFile; fileRef = 5EE206112A6BF5960098A201 /* RMSettingsViewController.swift */; };
/* End PBXBuildFile section */

/* Begin PBXFileReference section */
		5E0674BB2A6C32F5007E2EA0 /* RMService.swift */ = {isa = PBXFileReference; lastKnownFileType = sourcecode.swift; path = RMService.swift; sourceTree = "<group>"; };
		5E0674BD2A6C331D007E2EA0 /* RMRequest.swift */ = {isa = PBXFileReference; lastKnownFileType = sourcecode.swift; path = RMRequest.swift; sourceTree = "<group>"; };
		5E0674BF2A6C5847007E2EA0 /* RMEndpoint.swift */ = {isa = PBXFileReference; lastKnownFileType = sourcecode.swift; path = RMEndpoint.swift; sourceTree = "<group>"; };
		5E0674C12A6C68DB007E2EA0 /* RMOrigin.swift */ = {isa = PBXFileReference; lastKnownFileType = sourcecode.swift; path = RMOrigin.swift; sourceTree = "<group>"; };
		5E0674C32A6C69E2007E2EA0 /* RMSingleLocation.swift */ = {isa = PBXFileReference; lastKnownFileType = sourcecode.swift; path = RMSingleLocation.swift; sourceTree = "<group>"; };
		5E0674C52A6D7B80007E2EA0 /* RMCharacterStatus.swift */ = {isa = PBXFileReference; lastKnownFileType = sourcecode.swift; path = RMCharacterStatus.swift; sourceTree = "<group>"; };
		5E0674C72A6D7ECF007E2EA0 /* RMCharacterGender.swift */ = {isa = PBXFileReference; lastKnownFileType = sourcecode.swift; path = RMCharacterGender.swift; sourceTree = "<group>"; };
		5EE205E52A6BE4DE0098A201 /* NewApp.app */ = {isa = PBXFileReference; explicitFileType = wrapper.application; includeInIndex = 0; path = NewApp.app; sourceTree = BUILT_PRODUCTS_DIR; };
		5EE205E82A6BE4DE0098A201 /* AppDelegate.swift */ = {isa = PBXFileReference; lastKnownFileType = sourcecode.swift; path = AppDelegate.swift; sourceTree = "<group>"; };
		5EE205EA2A6BE4DE0098A201 /* SceneDelegate.swift */ = {isa = PBXFileReference; lastKnownFileType = sourcecode.swift; path = SceneDelegate.swift; sourceTree = "<group>"; };
		5EE205EC2A6BE4DE0098A201 /* RMTabBarController.swift */ = {isa = PBXFileReference; lastKnownFileType = sourcecode.swift; path = RMTabBarController.swift; sourceTree = "<group>"; };
		5EE205F12A6BE4DF0098A201 /* Assets.xcassets */ = {isa = PBXFileReference; lastKnownFileType = folder.assetcatalog; path = Assets.xcassets; sourceTree = "<group>"; };
		5EE205F42A6BE4DF0098A201 /* Base */ = {isa = PBXFileReference; lastKnownFileType = file.storyboard; name = Base; path = Base.lproj/LaunchScreen.storyboard; sourceTree = "<group>"; };
		5EE205F62A6BE4DF0098A201 /* Info.plist */ = {isa = PBXFileReference; lastKnownFileType = text.plist.xml; path = Info.plist; sourceTree = "<group>"; };
		5EE206042A6BF4010098A201 /* RMLocation.swift */ = {isa = PBXFileReference; lastKnownFileType = sourcecode.swift; path = RMLocation.swift; sourceTree = "<group>"; };
		5EE206062A6BF4140098A201 /* RMCharacter.swift */ = {isa = PBXFileReference; lastKnownFileType = sourcecode.swift; path = RMCharacter.swift; sourceTree = "<group>"; };
		5EE206082A6BF4340098A201 /* RMEpisode.swift */ = {isa = PBXFileReference; lastKnownFileType = sourcecode.swift; path = RMEpisode.swift; sourceTree = "<group>"; };
		5EE2060B2A6BF5410098A201 /* RMCharacterViewController.swift */ = {isa = PBXFileReference; lastKnownFileType = sourcecode.swift; path = RMCharacterViewController.swift; sourceTree = "<group>"; };
		5EE2060D2A6BF55D0098A201 /* RMLocationViewController.swift */ = {isa = PBXFileReference; lastKnownFileType = sourcecode.swift; path = RMLocationViewController.swift; sourceTree = "<group>"; };
		5EE2060F2A6BF5780098A201 /* RMEpisodeViewController.swift */ = {isa = PBXFileReference; lastKnownFileType = sourcecode.swift; path = RMEpisodeViewController.swift; sourceTree = "<group>"; };
		5EE206112A6BF5960098A201 /* RMSettingsViewController.swift */ = {isa = PBXFileReference; lastKnownFileType = sourcecode.swift; path = RMSettingsViewController.swift; sourceTree = "<group>"; };
/* End PBXFileReference section */

/* Begin PBXFrameworksBuildPhase section */
		5EE205E22A6BE4DE0098A201 /* Frameworks */ = {
			isa = PBXFrameworksBuildPhase;
			buildActionMask = 2147483647;
			files = (
			);
			runOnlyForDeploymentPostprocessing = 0;
		};
/* End PBXFrameworksBuildPhase section */

/* Begin PBXGroup section */
		5EE205DC2A6BE4DE0098A201 = {
			isa = PBXGroup;
			children = (
				5EE205E72A6BE4DE0098A201 /* NewApp */,
				5EE205E62A6BE4DE0098A201 /* Products */,
			);
			sourceTree = "<group>";
		};
		5EE205E62A6BE4DE0098A201 /* Products */ = {
			isa = PBXGroup;
			children = (
				5EE205E52A6BE4DE0098A201 /* NewApp.app */,
			);
			name = Products;
			sourceTree = "<group>";
		};
		5EE205E72A6BE4DE0098A201 /* NewApp */ = {
			isa = PBXGroup;
			children = (
				5EE206032A6BF1C30098A201 /* Resources */,
				5EE206022A6BF19A0098A201 /* Managers */,
				5EE206012A6BF15E0098A201 /* APIClient */,
				5EE205FF2A6BF12C0098A201 /* ViewModels */,
				5EE205FE2A6BF1150098A201 /* Views */,
				5EE205FD2A6BF1090098A201 /* Models */,
				5EE205FC2A6BF0F50098A201 /* Controllers */,
				5EE205F62A6BE4DF0098A201 /* Info.plist */,
			);
			path = NewApp;
			sourceTree = "<group>";
		};
		5EE205FC2A6BF0F50098A201 /* Controllers */ = {
			isa = PBXGroup;
			children = (
				5EE2060A2A6BF4E50098A201 /* Core */,
			);
			path = Controllers;
			sourceTree = "<group>";
		};
		5EE205FD2A6BF1090098A201 /* Models */ = {
			isa = PBXGroup;
			children = (
				5EE206042A6BF4010098A201 /* RMLocation.swift */,
				5EE206062A6BF4140098A201 /* RMCharacter.swift */,
				5EE206082A6BF4340098A201 /* RMEpisode.swift */,
				5E0674C12A6C68DB007E2EA0 /* RMOrigin.swift */,
				5E0674C32A6C69E2007E2EA0 /* RMSingleLocation.swift */,
				5E0674C52A6D7B80007E2EA0 /* RMCharacterStatus.swift */,
				5E0674C72A6D7ECF007E2EA0 /* RMCharacterGender.swift */,
			);
			path = Models;
			sourceTree = "<group>";
		};
		5EE205FE2A6BF1150098A201 /* Views */ = {
			isa = PBXGroup;
			children = (
			);
			path = Views;
			sourceTree = "<group>";
		};
		5EE205FF2A6BF12C0098A201 /* ViewModels */ = {
			isa = PBXGroup;
			children = (
			);
			path = ViewModels;
			sourceTree = "<group>";
		};
		5EE206012A6BF15E0098A201 /* APIClient */ = {
			isa = PBXGroup;
			children = (
				5E0674BB2A6C32F5007E2EA0 /* RMService.swift */,
				5E0674BD2A6C331D007E2EA0 /* RMRequest.swift */,
				5E0674BF2A6C5847007E2EA0 /* RMEndpoint.swift */,
			);
			path = APIClient;
			sourceTree = "<group>";
		};
		5EE206022A6BF19A0098A201 /* Managers */ = {
			isa = PBXGroup;
			children = (
			);
			path = Managers;
			sourceTree = "<group>";
		};
		5EE206032A6BF1C30098A201 /* Resources */ = {
			isa = PBXGroup;
			children = (
				5EE205E82A6BE4DE0098A201 /* AppDelegate.swift */,
				5EE205EA2A6BE4DE0098A201 /* SceneDelegate.swift */,
				5EE205F12A6BE4DF0098A201 /* Assets.xcassets */,
				5EE205F32A6BE4DF0098A201 /* LaunchScreen.storyboard */,
			);
			path = Resources;
			sourceTree = "<group>";
		};
		5EE2060A2A6BF4E50098A201 /* Core */ = {
			isa = PBXGroup;
			children = (
				5EE205EC2A6BE4DE0098A201 /* RMTabBarController.swift */,
				5EE2060B2A6BF5410098A201 /* RMCharacterViewController.swift */,
				5EE2060D2A6BF55D0098A201 /* RMLocationViewController.swift */,
				5EE2060F2A6BF5780098A201 /* RMEpisodeViewController.swift */,
				5EE206112A6BF5960098A201 /* RMSettingsViewController.swift */,
			);
			path = Core;
			sourceTree = "<group>";
		};
/* End PBXGroup section */

/* Begin PBXNativeTarget section */
		5EE205E42A6BE4DE0098A201 /* NewApp */ = {
			isa = PBXNativeTarget;
			buildConfigurationList = 5EE205F92A6BE4DF0098A201 /* Build configuration list for PBXNativeTarget "NewApp" */;
			buildPhases = (
				5EE205E12A6BE4DE0098A201 /* Sources */,
				5EE205E22A6BE4DE0098A201 /* Frameworks */,
				5EE205E32A6BE4DE0098A201 /* Resources */,
			);
			buildRules = (
			);
			dependencies = (
			);
			name = NewApp;
			productName = NewApp;
			productReference = 5EE205E52A6BE4DE0098A201 /* NewApp.app */;
			productType = "com.apple.product-type.application";
		};
/* End PBXNativeTarget section */

/* Begin PBXProject section */
		5EE205DD2A6BE4DE0098A201 /* Project object */ = {
			isa = PBXProject;
			attributes = {
				BuildIndependentTargetsInParallel = 1;
				LastSwiftUpdateCheck = 1430;
				LastUpgradeCheck = 1430;
				TargetAttributes = {
					5EE205E42A6BE4DE0098A201 = {
						CreatedOnToolsVersion = 14.3.1;
					};
				};
			};
			buildConfigurationList = 5EE205E02A6BE4DE0098A201 /* Build configuration list for PBXProject "NewApp" */;
			compatibilityVersion = "Xcode 14.0";
			developmentRegion = en;
			hasScannedForEncodings = 0;
			knownRegions = (
				en,
				Base,
			);
			mainGroup = 5EE205DC2A6BE4DE0098A201;
			productRefGroup = 5EE205E62A6BE4DE0098A201 /* Products */;
			projectDirPath = "";
			projectRoot = "";
			targets = (
				5EE205E42A6BE4DE0098A201 /* NewApp */,
			);
		};
/* End PBXProject section */

/* Begin PBXResourcesBuildPhase section */
		5EE205E32A6BE4DE0098A201 /* Resources */ = {
			isa = PBXResourcesBuildPhase;
			buildActionMask = 2147483647;
			files = (
				5EE205F52A6BE4DF0098A201 /* LaunchScreen.storyboard in Resources */,
				5EE205F22A6BE4DF0098A201 /* Assets.xcassets in Resources */,
			);
			runOnlyForDeploymentPostprocessing = 0;
		};
/* End PBXResourcesBuildPhase section */

/* Begin PBXSourcesBuildPhase section */
		5EE205E12A6BE4DE0098A201 /* Sources */ = {
			isa = PBXSourcesBuildPhase;
			buildActionMask = 2147483647;
			files = (
				5E0674C42A6C69E2007E2EA0 /* RMSingleLocation.swift in Sources */,
				5E0674C22A6C68DB007E2EA0 /* RMOrigin.swift in Sources */,
				5E0674C62A6D7B80007E2EA0 /* RMCharacterStatus.swift in Sources */,
				5E0674C82A6D7ECF007E2EA0 /* RMCharacterGender.swift in Sources */,
				5EE2060E2A6BF55D0098A201 /* RMLocationViewController.swift in Sources */,
				5EE206092A6BF4340098A201 /* RMEpisode.swift in Sources */,
				5EE205ED2A6BE4DE0098A201 /* RMTabBarController.swift in Sources */,
				5EE206102A6BF5780098A201 /* RMEpisodeViewController.swift in Sources */,
				5EE205E92A6BE4DE0098A201 /* AppDelegate.swift in Sources */,
				5EE205EB2A6BE4DE0098A201 /* SceneDelegate.swift in Sources */,
				5EE206122A6BF5960098A201 /* RMSettingsViewController.swift in Sources */,
				5E0674BC2A6C32F5007E2EA0 /* RMService.swift in Sources */,
				5EE206052A6BF4010098A201 /* RMLocation.swift in Sources */,
				5E0674C02A6C5847007E2EA0 /* RMEndpoint.swift in Sources */,
				5EE206072A6BF4140098A201 /* RMCharacter.swift in Sources */,
				5E0674BE2A6C331D007E2EA0 /* RMRequest.swift in Sources */,
				5EE2060C2A6BF5410098A201 /* RMCharacterViewController.swift in Sources */,
			);
			runOnlyForDeploymentPostprocessing = 0;
		};
/* End PBXSourcesBuildPhase section */

/* Begin PBXVariantGroup section */
		5EE205F32A6BE4DF0098A201 /* LaunchScreen.storyboard */ = {
			isa = PBXVariantGroup;
			children = (
				5EE205F42A6BE4DF0098A201 /* Base */,
			);
			name = LaunchScreen.storyboard;
			sourceTree = "<group>";
		};
/* End PBXVariantGroup section */

/* Begin XCBuildConfiguration section */
		5EE205F72A6BE4DF0098A201 /* Debug */ = {
			isa = XCBuildConfiguration;
			buildSettings = {
				ALWAYS_SEARCH_USER_PATHS = NO;
				CLANG_ANALYZER_NONNULL = YES;
				CLANG_ANALYZER_NUMBER_OBJECT_CONVERSION = YES_AGGRESSIVE;
				CLANG_CXX_LANGUAGE_STANDARD = "gnu++20";
				CLANG_ENABLE_MODULES = YES;
				CLANG_ENABLE_OBJC_ARC = YES;
				CLANG_ENABLE_OBJC_WEAK = YES;
				CLANG_WARN_BLOCK_CAPTURE_AUTORELEASING = YES;
				CLANG_WARN_BOOL_CONVERSION = YES;
				CLANG_WARN_COMMA = YES;
				CLANG_WARN_CONSTANT_CONVERSION = YES;
				CLANG_WARN_DEPRECATED_OBJC_IMPLEMENTATIONS = YES;
				CLANG_WARN_DIRECT_OBJC_ISA_USAGE = YES_ERROR;
				CLANG_WARN_DOCUMENTATION_COMMENTS = YES;
				CLANG_WARN_EMPTY_BODY = YES;
				CLANG_WARN_ENUM_CONVERSION = YES;
				CLANG_WARN_INFINITE_RECURSION = YES;
				CLANG_WARN_INT_CONVERSION = YES;
				CLANG_WARN_NON_LITERAL_NULL_CONVERSION = YES;
				CLANG_WARN_OBJC_IMPLICIT_RETAIN_SELF = YES;
				CLANG_WARN_OBJC_LITERAL_CONVERSION = YES;
				CLANG_WARN_OBJC_ROOT_CLASS = YES_ERROR;
				CLANG_WARN_QUOTED_INCLUDE_IN_FRAMEWORK_HEADER = YES;
				CLANG_WARN_RANGE_LOOP_ANALYSIS = YES;
				CLANG_WARN_STRICT_PROTOTYPES = YES;
				CLANG_WARN_SUSPICIOUS_MOVE = YES;
				CLANG_WARN_UNGUARDED_AVAILABILITY = YES_AGGRESSIVE;
				CLANG_WARN_UNREACHABLE_CODE = YES;
				CLANG_WARN__DUPLICATE_METHOD_MATCH = YES;
				COPY_PHASE_STRIP = NO;
				DEBUG_INFORMATION_FORMAT = dwarf;
				ENABLE_STRICT_OBJC_MSGSEND = YES;
				ENABLE_TESTABILITY = YES;
				GCC_C_LANGUAGE_STANDARD = gnu11;
				GCC_DYNAMIC_NO_PIC = NO;
				GCC_NO_COMMON_BLOCKS = YES;
				GCC_OPTIMIZATION_LEVEL = 0;
				GCC_PREPROCESSOR_DEFINITIONS = (
					"DEBUG=1",
					"$(inherited)",
				);
				GCC_WARN_64_TO_32_BIT_CONVERSION = YES;
				GCC_WARN_ABOUT_RETURN_TYPE = YES_ERROR;
				GCC_WARN_UNDECLARED_SELECTOR = YES;
				GCC_WARN_UNINITIALIZED_AUTOS = YES_AGGRESSIVE;
				GCC_WARN_UNUSED_FUNCTION = YES;
				GCC_WARN_UNUSED_VARIABLE = YES;
				IPHONEOS_DEPLOYMENT_TARGET = 16.4;
				MTL_ENABLE_DEBUG_INFO = INCLUDE_SOURCE;
				MTL_FAST_MATH = YES;
				ONLY_ACTIVE_ARCH = YES;
				SDKROOT = iphoneos;
				SWIFT_ACTIVE_COMPILATION_CONDITIONS = DEBUG;
				SWIFT_OPTIMIZATION_LEVEL = "-Onone";
			};
			name = Debug;
		};
		5EE205F82A6BE4DF0098A201 /* Release */ = {
			isa = XCBuildConfiguration;
			buildSettings = {
				ALWAYS_SEARCH_USER_PATHS = NO;
				CLANG_ANALYZER_NONNULL = YES;
				CLANG_ANALYZER_NUMBER_OBJECT_CONVERSION = YES_AGGRESSIVE;
				CLANG_CXX_LANGUAGE_STANDARD = "gnu++20";
				CLANG_ENABLE_MODULES = YES;
				CLANG_ENABLE_OBJC_ARC = YES;
				CLANG_ENABLE_OBJC_WEAK = YES;
				CLANG_WARN_BLOCK_CAPTURE_AUTORELEASING = YES;
				CLANG_WARN_BOOL_CONVERSION = YES;
				CLANG_WARN_COMMA = YES;
				CLANG_WARN_CONSTANT_CONVERSION = YES;
				CLANG_WARN_DEPRECATED_OBJC_IMPLEMENTATIONS = YES;
				CLANG_WARN_DIRECT_OBJC_ISA_USAGE = YES_ERROR;
				CLANG_WARN_DOCUMENTATION_COMMENTS = YES;
				CLANG_WARN_EMPTY_BODY = YES;
				CLANG_WARN_ENUM_CONVERSION = YES;
				CLANG_WARN_INFINITE_RECURSION = YES;
				CLANG_WARN_INT_CONVERSION = YES;
				CLANG_WARN_NON_LITERAL_NULL_CONVERSION = YES;
				CLANG_WARN_OBJC_IMPLICIT_RETAIN_SELF = YES;
				CLANG_WARN_OBJC_LITERAL_CONVERSION = YES;
				CLANG_WARN_OBJC_ROOT_CLASS = YES_ERROR;
				CLANG_WARN_QUOTED_INCLUDE_IN_FRAMEWORK_HEADER = YES;
				CLANG_WARN_RANGE_LOOP_ANALYSIS = YES;
				CLANG_WARN_STRICT_PROTOTYPES = YES;
				CLANG_WARN_SUSPICIOUS_MOVE = YES;
				CLANG_WARN_UNGUARDED_AVAILABILITY = YES_AGGRESSIVE;
				CLANG_WARN_UNREACHABLE_CODE = YES;
				CLANG_WARN__DUPLICATE_METHOD_MATCH = YES;
				COPY_PHASE_STRIP = NO;
				DEBUG_INFORMATION_FORMAT = "dwarf-with-dsym";
				ENABLE_NS_ASSERTIONS = NO;
				ENABLE_STRICT_OBJC_MSGSEND = YES;
				GCC_C_LANGUAGE_STANDARD = gnu11;
				GCC_NO_COMMON_BLOCKS = YES;
				GCC_WARN_64_TO_32_BIT_CONVERSION = YES;
				GCC_WARN_ABOUT_RETURN_TYPE = YES_ERROR;
				GCC_WARN_UNDECLARED_SELECTOR = YES;
				GCC_WARN_UNINITIALIZED_AUTOS = YES_AGGRESSIVE;
				GCC_WARN_UNUSED_FUNCTION = YES;
				GCC_WARN_UNUSED_VARIABLE = YES;
				IPHONEOS_DEPLOYMENT_TARGET = 16.4;
				MTL_ENABLE_DEBUG_INFO = NO;
				MTL_FAST_MATH = YES;
				SDKROOT = iphoneos;
				SWIFT_COMPILATION_MODE = wholemodule;
				SWIFT_OPTIMIZATION_LEVEL = "-O";
				VALIDATE_PRODUCT = YES;
			};
			name = Release;
		};
		5EE205FA2A6BE4DF0098A201 /* Debug */ = {
			isa = XCBuildConfiguration;
			buildSettings = {
				ASSETCATALOG_COMPILER_APPICON_NAME = AppIcon;
				ASSETCATALOG_COMPILER_GLOBAL_ACCENT_COLOR_NAME = AccentColor;
				CODE_SIGN_STYLE = Automatic;
				CURRENT_PROJECT_VERSION = 1;
				GENERATE_INFOPLIST_FILE = YES;
				INFOPLIST_FILE = NewApp/Info.plist;
				INFOPLIST_KEY_UIApplicationSupportsIndirectInputEvents = YES;
				INFOPLIST_KEY_UILaunchStoryboardName = LaunchScreen;
				INFOPLIST_KEY_UISupportedInterfaceOrientations_iPad = "UIInterfaceOrientationPortrait UIInterfaceOrientationPortraitUpsideDown UIInterfaceOrientationLandscapeLeft UIInterfaceOrientationLandscapeRight";
				INFOPLIST_KEY_UISupportedInterfaceOrientations_iPhone = "UIInterfaceOrientationPortrait UIInterfaceOrientationLandscapeLeft UIInterfaceOrientationLandscapeRight";
				LD_RUNPATH_SEARCH_PATHS = (
					"$(inherited)",
					"@executable_path/Frameworks",
				);
				MARKETING_VERSION = 1.0;
				PRODUCT_BUNDLE_IDENTIFIER = a.NewApp;
				PRODUCT_NAME = "$(TARGET_NAME)";
				SWIFT_EMIT_LOC_STRINGS = YES;
				SWIFT_VERSION = 5.0;
				TARGETED_DEVICE_FAMILY = "1,2";
			};
			name = Debug;
		};
		5EE205FB2A6BE4DF0098A201 /* Release */ = {
			isa = XCBuildConfiguration;
			buildSettings = {
				ASSETCATALOG_COMPILER_APPICON_NAME = AppIcon;
				ASSETCATALOG_COMPILER_GLOBAL_ACCENT_COLOR_NAME = AccentColor;
				CODE_SIGN_STYLE = Automatic;
				CURRENT_PROJECT_VERSION = 1;
				GENERATE_INFOPLIST_FILE = YES;
				INFOPLIST_FILE = NewApp/Info.plist;
				INFOPLIST_KEY_UIApplicationSupportsIndirectInputEvents = YES;
				INFOPLIST_KEY_UILaunchStoryboardName = LaunchScreen;
				INFOPLIST_KEY_UISupportedInterfaceOrientations_iPad = "UIInterfaceOrientationPortrait UIInterfaceOrientationPortraitUpsideDown UIInterfaceOrientationLandscapeLeft UIInterfaceOrientationLandscapeRight";
				INFOPLIST_KEY_UISupportedInterfaceOrientations_iPhone = "UIInterfaceOrientationPortrait UIInterfaceOrientationLandscapeLeft UIInterfaceOrientationLandscapeRight";
				LD_RUNPATH_SEARCH_PATHS = (
					"$(inherited)",
					"@executable_path/Frameworks",
				);
				MARKETING_VERSION = 1.0;
				PRODUCT_BUNDLE_IDENTIFIER = a.NewApp;
				PRODUCT_NAME = "$(TARGET_NAME)";
				SWIFT_EMIT_LOC_STRINGS = YES;
				SWIFT_VERSION = 5.0;
				TARGETED_DEVICE_FAMILY = "1,2";
			};
			name = Release;
		};
/* End XCBuildConfiguration section */

/* Begin XCConfigurationList section */
		5EE205E02A6BE4DE0098A201 /* Build configuration list for PBXProject "NewApp" */ = {
			isa = XCConfigurationList;
			buildConfigurations = (
				5EE205F72A6BE4DF0098A201 /* Debug */,
				5EE205F82A6BE4DF0098A201 /* Release */,
			);
			defaultConfigurationIsVisible = 0;
			defaultConfigurationName = Release;
		};
		5EE205F92A6BE4DF0098A201 /* Build configuration list for PBXNativeTarget "NewApp" */ = {
			isa = XCConfigurationList;
			buildConfigurations = (
				5EE205FA2A6BE4DF0098A201 /* Debug */,
				5EE205FB2A6BE4DF0098A201 /* Release */,
			);
			defaultConfigurationIsVisible = 0;
			defaultConfigurationName = Release;
		};
/* End XCConfigurationList section */
	};
	rootObject = 5EE205DD2A6BE4DE0098A201 /* Project object */;
}
